
Microsoft Visual Studio Solution File, Format Version 12.00
# Visual Studio 15
VisualStudioVersion = 15.0.28307.136
MinimumVisualStudioVersion = 10.0.40219.1
Project("{FAE04EC0-301F-11D3-BF4B-00C04F79EFBC}") = "hw06_dgibson", "hw06_dgibson\hw06_dgibson.csproj", "{CA99B761-9AFF-4D22-A976-418A6FD0A51A}"
EndProject
Global
	GlobalSection(SolutionConfigurationPlatforms) = preSolution
		Debug|Any CPU = Debug|Any CPU
		Release|Any CPU = Release|Any CPU
	EndGlobalSection
	GlobalSection(ProjectConfigurationPlatforms) = postSolution
		{CA99B761-9AFF-4D22-A976-418A6FD0A51A}.Debug|Any CPU.ActiveCfg = Debug|Any CPU
		{CA99B761-9AFF-4D22-A976-418A6FD0A51A}.Debug|Any CPU.Build.0 = Debug|Any CPU
		{CA99B761-9AFF-4D22-A976-418A6FD0A51A}.Release|Any CPU.ActiveCfg = Release|Any CPU
		{CA99B761-9AFF-4D22-A976-418A6FD0A51A}.Release|Any CPU.Build.0 = Release|Any CPU
	EndGlobalSection
	GlobalSection(SolutionProperties) = preSolution
		HideSolutionNode = FALSE
	EndGlobalSection
	GlobalSection(ExtensibilityGlobals) = postSolution
		SolutionGuid = {A60F79A9-DD29-4A40-A054-6C0359F6C773}
	EndGlobalSection
EndGlobal
