
Microsoft Visual Studio Solution File, Format Version 12.00
# Visual Studio 15
VisualStudioVersion = 15.0.28307.271
MinimumVisualStudioVersion = 10.0.40219.1
Project("{FAE04EC0-301F-11D3-BF4B-00C04F79EFBC}") = "hw03_davis", "hw03_davis\hw03_davis.csproj", "{13054A52-9A04-4C52-8398-AC4E95952100}"
EndProject
Global
	GlobalSection(SolutionConfigurationPlatforms) = preSolution
		Debug|Any CPU = Debug|Any CPU
		Release|Any CPU = Release|Any CPU
	EndGlobalSection
	GlobalSection(ProjectConfigurationPlatforms) = postSolution
		{13054A52-9A04-4C52-8398-AC4E95952100}.Debug|Any CPU.ActiveCfg = Debug|Any CPU
		{13054A52-9A04-4C52-8398-AC4E95952100}.Debug|Any CPU.Build.0 = Debug|Any CPU
		{13054A52-9A04-4C52-8398-AC4E95952100}.Release|Any CPU.ActiveCfg = Release|Any CPU
		{13054A52-9A04-4C52-8398-AC4E95952100}.Release|Any CPU.Build.0 = Release|Any CPU
	EndGlobalSection
	GlobalSection(SolutionProperties) = preSolution
		HideSolutionNode = FALSE
	EndGlobalSection
	GlobalSection(ExtensibilityGlobals) = postSolution
		SolutionGuid = {74E89EF2-F5D4-456A-B826-1ADFC99F0485}
	EndGlobalSection
EndGlobal
